
Microsoft Visual Studio Solution File, Format Version 12.00
# Visual Studio Version 17
VisualStudioVersion = 17.0.31903.59
MinimumVisualStudioVersion = 10.0.40219.1
Project("{FAE04EC0-301F-11D3-BF4B-00C04F79EFBC}") = "planeo.GUI", "planeo.GUI\planeo.GUI.csproj", "{B4B13F2E-78EA-43DB-81A1-C74ADB7A1F49}"
EndProject
Project("{FAE04EC0-301F-11D3-BF4B-00C04F79EFBC}") = "planeo", "planeo\planeo.csproj", "{2C83F2B8-D2DC-47E0-BC51-7CE14FF39356}"
EndProject
Global
	GlobalSection(SolutionConfigurationPlatforms) = preSolution
		Debug|Any CPU = Debug|Any CPU
		Debug|x64 = Debug|x64
		Debug|x86 = Debug|x86
		Release|Any CPU = Release|Any CPU
		Release|x64 = Release|x64
		Release|x86 = Release|x86
	EndGlobalSection
	GlobalSection(ProjectConfigurationPlatforms) = postSolution
		{B4B13F2E-78EA-43DB-81A1-C74ADB7A1F49}.Debug|Any CPU.ActiveCfg = Debug|Any CPU
		{B4B13F2E-78EA-43DB-81A1-C74ADB7A1F49}.Debug|Any CPU.Build.0 = Debug|Any CPU
		{B4B13F2E-78EA-43DB-81A1-C74ADB7A1F49}.Debug|x64.ActiveCfg = Debug|Any CPU
		{B4B13F2E-78EA-43DB-81A1-C74ADB7A1F49}.Debug|x64.Build.0 = Debug|Any CPU
		{B4B13F2E-78EA-43DB-81A1-C74ADB7A1F49}.Debug|x86.ActiveCfg = Debug|Any CPU
		{B4B13F2E-78EA-43DB-81A1-C74ADB7A1F49}.Debug|x86.Build.0 = Debug|Any CPU
		{B4B13F2E-78EA-43DB-81A1-C74ADB7A1F49}.Release|Any CPU.ActiveCfg = Release|Any CPU
		{B4B13F2E-78EA-43DB-81A1-C74ADB7A1F49}.Release|Any CPU.Build.0 = Release|Any CPU
		{B4B13F2E-78EA-43DB-81A1-C74ADB7A1F49}.Release|x64.ActiveCfg = Release|Any CPU
		{B4B13F2E-78EA-43DB-81A1-C74ADB7A1F49}.Release|x64.Build.0 = Release|Any CPU
		{B4B13F2E-78EA-43DB-81A1-C74ADB7A1F49}.Release|x86.ActiveCfg = Release|Any CPU
		{B4B13F2E-78EA-43DB-81A1-C74ADB7A1F49}.Release|x86.Build.0 = Release|Any CPU
		{2C83F2B8-D2DC-47E0-BC51-7CE14FF39356}.Debug|Any CPU.ActiveCfg = Debug|Any CPU
		{2C83F2B8-D2DC-47E0-BC51-7CE14FF39356}.Debug|Any CPU.Build.0 = Debug|Any CPU
		{2C83F2B8-D2DC-47E0-BC51-7CE14FF39356}.Debug|x64.ActiveCfg = Debug|Any CPU
		{2C83F2B8-D2DC-47E0-BC51-7CE14FF39356}.Debug|x64.Build.0 = Debug|Any CPU
		{2C83F2B8-D2DC-47E0-BC51-7CE14FF39356}.Debug|x86.ActiveCfg = Debug|Any CPU
		{2C83F2B8-D2DC-47E0-BC51-7CE14FF39356}.Debug|x86.Build.0 = Debug|Any CPU
		{2C83F2B8-D2DC-47E0-BC51-7CE14FF39356}.Release|Any CPU.ActiveCfg = Release|Any CPU
		{2C83F2B8-D2DC-47E0-BC51-7CE14FF39356}.Release|Any CPU.Build.0 = Release|Any CPU
		{2C83F2B8-D2DC-47E0-BC51-7CE14FF39356}.Release|x64.ActiveCfg = Release|Any CPU
		{2C83F2B8-D2DC-47E0-BC51-7CE14FF39356}.Release|x64.Build.0 = Release|Any CPU
		{2C83F2B8-D2DC-47E0-BC51-7CE14FF39356}.Release|x86.ActiveCfg = Release|Any CPU
		{2C83F2B8-D2DC-47E0-BC51-7CE14FF39356}.Release|x86.Build.0 = Release|Any CPU
	EndGlobalSection
	GlobalSection(SolutionProperties) = preSolution
		HideSolutionNode = FALSE
	EndGlobalSection
EndGlobal
